{
  "name": "ffprobe_cli",
  "version": "1.0.0",
  "lockfileVersion": 1,
  "requires": true,
  "dependencies": {
    "ffprobe-client": {
      "version": "1.1.6",
      "resolved": "https://registry.npmjs.org/ffprobe-client/-/ffprobe-client-1.1.6.tgz",
      "integrity": "sha512-n+wNlD9QC0nHsBUJGYljYAB1gwtuNxXQh0V4Am6M2T3h8Is7qR2hwrrC5Pjc9YNE4MpIslaQUe7+c9wPCarVJQ=="
    }
  }
}
